
Microsoft Visual Studio Solution File, Format Version 12.00
# Visual Studio Version 17
VisualStudioVersion = 17.2.32630.192
MinimumVisualStudioVersion = 10.0.40219.1
Project("{9A19103F-16F7-4668-BE54-9A1E7A4F7556}") = "RexlBench", "Apps\RexlBench\RexlBench.csproj", "{2C8A4AB8-55AD-4E2A-BC58-6F73DF98912B}"
EndProject
Project("{9A19103F-16F7-4668-BE54-9A1E7A4F7556}") = "RexlRun", "Apps\RexlRun\RexlRun.csproj", "{66FD6B5B-F5B5-4074-98D6-C38654E22DBD}"
EndProject
Project("{9A19103F-16F7-4668-BE54-9A1E7A4F7556}") = "DocBench", "Apps\DocBench\DocBench.csproj", "{68ECB50E-76B3-4596-8980-BEBF96F7E2F0}"
EndProject
Project("{9A19103F-16F7-4668-BE54-9A1E7A4F7556}") = "RexlKernel", "Apps\Kernel\RexlKernel\RexlKernel.csproj", "{30F9F038-3FAF-4FDB-8EA7-0CBBE718DE19}"
EndProject
Project("{9A19103F-16F7-4668-BE54-9A1E7A4F7556}") = "RexlKernel.Base", "Apps\Kernel\RexlKernel.Base\RexlKernel.Base.csproj", "{85873560-F78E-427B-B28E-24CA2E63A173}"
EndProject
Project("{9A19103F-16F7-4668-BE54-9A1E7A4F7556}") = "Rexl.Base", "Core\Rexl.Base\Rexl.Base.csproj", "{956E6508-756B-4720-A5B0-707E10706860}"
EndProject
Project("{9A19103F-16F7-4668-BE54-9A1E7A4F7556}") = "Rexl.Bind", "Core\Rexl.Bind\Rexl.Bind.csproj", "{D5F5EBC3-7B6C-44B1-9599-2377AD706F72}"
EndProject
Project("{9A19103F-16F7-4668-BE54-9A1E7A4F7556}") = "Rexl.Code", "Core\Rexl.Code\Rexl.Code.csproj", "{FC777D12-D033-405F-BB9A-5F2EDFFB1B2F}"
EndProject
Project("{9A19103F-16F7-4668-BE54-9A1E7A4F7556}") = "Rexl.Flow", "Core\Rexl.Flow\Rexl.Flow.csproj", "{6A01969C-CB27-4F7B-8867-E9FBA1ADCDC6}"
EndProject
Project("{9A19103F-16F7-4668-BE54-9A1E7A4F7556}") = "Rexl.Onnx", "Core\Rexl.Onnx\Rexl.Onnx.csproj", "{3430D1D3-00F4-4532-8DC7-069B221435C3}"
EndProject
Project("{9A19103F-16F7-4668-BE54-9A1E7A4F7556}") = "Rexl.Solve", "Core\Rexl.Solve\Rexl.Solve.csproj", "{47837D86-B554-4E90-A540-03AFCFEEB846}"
EndProject
Project("{9A19103F-16F7-4668-BE54-9A1E7A4F7556}") = "Rexl.Harness", "Core\Rexl.Harness\Rexl.Harness.csproj", "{582449DC-D4B1-44A9-AB3B-11E9C68FD1C4}"
EndProject
Project("{9A19103F-16F7-4668-BE54-9A1E7A4F7556}") = "Rexl.Base.Test", "Test\Rexl.Base.Test\Rexl.Base.Test.csproj", "{3D7A34FE-917F-44B3-B857-246B42458C4A}"
EndProject
Project("{9A19103F-16F7-4668-BE54-9A1E7A4F7556}") = "Rexl.Bind.Test", "Test\Rexl.Bind.Test\Rexl.Bind.Test.csproj", "{A41DA9F9-09DD-432C-80F7-5D3194F5047C}"
EndProject
Project("{9A19103F-16F7-4668-BE54-9A1E7A4F7556}") = "Rexl.Code.Test", "Test\Rexl.Code.Test\Rexl.Code.Test.csproj", "{399BDFD7-B9F4-4A29-BB55-060C2CB031B3}"
EndProject
Project("{9A19103F-16F7-4668-BE54-9A1E7A4F7556}") = "Rexl.Flow.Test", "Test\Rexl.Flow.Test\Rexl.Flow.Test.csproj", "{9946226E-FBBE-476E-8214-CC470C7E578E}"
EndProject
Project("{9A19103F-16F7-4668-BE54-9A1E7A4F7556}") = "Rexl.Onnx.Test", "Test\Rexl.Onnx.Test\Rexl.Onnx.Test.csproj", "{0D939DC8-F5F7-412F-A0C6-6A5E17EDA4C8}"
EndProject
Project("{9A19103F-16F7-4668-BE54-9A1E7A4F7556}") = "Rexl.Solve.Test", "Test\Rexl.Solve.Test\Rexl.Solve.Test.csproj", "{C91BE169-F49D-4EF6-8A45-55DD3C9F31D0}"
EndProject
Project("{9A19103F-16F7-4668-BE54-9A1E7A4F7556}") = "Rexl.Benchmark", "Benchmark\Rexl.Benchmark\Rexl.Benchmark.csproj", "{F254927F-8B17-4A5C-BF93-1BB6D1A87ED2}"
EndProject
Project("{2150E333-8FDC-42A3-9474-1A3956D46DE8}") = "Core", "Core", "{23BB2F5D-9F2D-4699-AA49-F2F57E0DB3A2}"
EndProject
Project("{2150E333-8FDC-42A3-9474-1A3956D46DE8}") = "Test", "Test", "{6ECE0CC4-5B0C-476A-8B98-46C6B7E6816D}"
EndProject
Project("{2150E333-8FDC-42A3-9474-1A3956D46DE8}") = "Kernel", "Kernel", "{8C79E433-5689-41DB-8175-1E5CDCDE8B10}"
EndProject
Project("{2150E333-8FDC-42A3-9474-1A3956D46DE8}") = "Global", "Global", "{F29B891C-1DC3-4DB3-8740-E1F0F88B7627}"
	ProjectSection(SolutionItems) = preProject
		Directory.Build.props = Directory.Build.props
		Directory.Packages.props = Directory.Packages.props
		stylecop.ruleset = stylecop.ruleset
		testenvironments.json = testenvironments.json
	EndProjectSection
EndProject
Project("{2150E333-8FDC-42A3-9474-1A3956D46DE8}") = "Apps", "Apps", "{CFD34F94-8B32-4961-B0BD-8BA72230FFCE}"
EndProject
Project("{2150E333-8FDC-42A3-9474-1A3956D46DE8}") = "Benchmark", "Benchmark", "{EC96A595-BEDA-4045-8BA8-C7CCDB5671D4}"
EndProject
Project("{9A19103F-16F7-4668-BE54-9A1E7A4F7556}") = "Rexl.Bind.TestBase", "Test\Rexl.Bind.TestBase\Rexl.Bind.TestBase.csproj", "{DBEFA827-8D7B-4562-B7D9-D3D116621202}"
EndProject
Project("{9A19103F-16F7-4668-BE54-9A1E7A4F7556}") = "Rexl.Code.TestBase", "Test\Rexl.Code.TestBase\Rexl.Code.TestBase.csproj", "{E63522ED-3F1C-4324-8FCB-692BE2A5D78E}"
EndProject
Project("{9A19103F-16F7-4668-BE54-9A1E7A4F7556}") = "Rexl.Base.TestBase", "Test\Rexl.Base.TestBase\Rexl.Base.TestBase.csproj", "{9C7AE65A-825C-4B6E-B52B-EE997703DCD1}"
EndProject
Global
	GlobalSection(SolutionConfigurationPlatforms) = preSolution
		Debug|x64 = Debug|x64
		Release|x64 = Release|x64
	EndGlobalSection
	GlobalSection(ProjectConfigurationPlatforms) = postSolution
		{2C8A4AB8-55AD-4E2A-BC58-6F73DF98912B}.Debug|x64.ActiveCfg = Debug|x64
		{2C8A4AB8-55AD-4E2A-BC58-6F73DF98912B}.Debug|x64.Build.0 = Debug|x64
		{2C8A4AB8-55AD-4E2A-BC58-6F73DF98912B}.Release|x64.ActiveCfg = Release|x64
		{2C8A4AB8-55AD-4E2A-BC58-6F73DF98912B}.Release|x64.Build.0 = Release|x64
		{66FD6B5B-F5B5-4074-98D6-C38654E22DBD}.Debug|x64.ActiveCfg = Debug|x64
		{66FD6B5B-F5B5-4074-98D6-C38654E22DBD}.Debug|x64.Build.0 = Debug|x64
		{66FD6B5B-F5B5-4074-98D6-C38654E22DBD}.Release|x64.ActiveCfg = Release|x64
		{66FD6B5B-F5B5-4074-98D6-C38654E22DBD}.Release|x64.Build.0 = Release|x64
		{68ECB50E-76B3-4596-8980-BEBF96F7E2F0}.Debug|x64.ActiveCfg = Debug|x64
		{68ECB50E-76B3-4596-8980-BEBF96F7E2F0}.Debug|x64.Build.0 = Debug|x64
		{68ECB50E-76B3-4596-8980-BEBF96F7E2F0}.Release|x64.ActiveCfg = Release|x64
		{68ECB50E-76B3-4596-8980-BEBF96F7E2F0}.Release|x64.Build.0 = Release|x64
		{30F9F038-3FAF-4FDB-8EA7-0CBBE718DE19}.Debug|x64.ActiveCfg = Debug|x64
		{30F9F038-3FAF-4FDB-8EA7-0CBBE718DE19}.Debug|x64.Build.0 = Debug|x64
		{30F9F038-3FAF-4FDB-8EA7-0CBBE718DE19}.Release|x64.ActiveCfg = Release|x64
		{30F9F038-3FAF-4FDB-8EA7-0CBBE718DE19}.Release|x64.Build.0 = Release|x64
		{85873560-F78E-427B-B28E-24CA2E63A173}.Debug|x64.ActiveCfg = Debug|x64
		{85873560-F78E-427B-B28E-24CA2E63A173}.Debug|x64.Build.0 = Debug|x64
		{85873560-F78E-427B-B28E-24CA2E63A173}.Release|x64.ActiveCfg = Release|x64
		{85873560-F78E-427B-B28E-24CA2E63A173}.Release|x64.Build.0 = Release|x64
		{956E6508-756B-4720-A5B0-707E10706860}.Debug|x64.ActiveCfg = Debug|x64
		{956E6508-756B-4720-A5B0-707E10706860}.Debug|x64.Build.0 = Debug|x64
		{956E6508-756B-4720-A5B0-707E10706860}.Release|x64.ActiveCfg = Release|x64
		{956E6508-756B-4720-A5B0-707E10706860}.Release|x64.Build.0 = Release|x64
		{D5F5EBC3-7B6C-44B1-9599-2377AD706F72}.Debug|x64.ActiveCfg = Debug|x64
		{D5F5EBC3-7B6C-44B1-9599-2377AD706F72}.Debug|x64.Build.0 = Debug|x64
		{D5F5EBC3-7B6C-44B1-9599-2377AD706F72}.Release|x64.ActiveCfg = Release|x64
		{D5F5EBC3-7B6C-44B1-9599-2377AD706F72}.Release|x64.Build.0 = Release|x64
		{FC777D12-D033-405F-BB9A-5F2EDFFB1B2F}.Debug|x64.ActiveCfg = Debug|x64
		{FC777D12-D033-405F-BB9A-5F2EDFFB1B2F}.Debug|x64.Build.0 = Debug|x64
		{FC777D12-D033-405F-BB9A-5F2EDFFB1B2F}.Release|x64.ActiveCfg = Release|x64
		{FC777D12-D033-405F-BB9A-5F2EDFFB1B2F}.Release|x64.Build.0 = Release|x64
		{6A01969C-CB27-4F7B-8867-E9FBA1ADCDC6}.Debug|x64.ActiveCfg = Debug|x64
		{6A01969C-CB27-4F7B-8867-E9FBA1ADCDC6}.Debug|x64.Build.0 = Debug|x64
		{6A01969C-CB27-4F7B-8867-E9FBA1ADCDC6}.Release|x64.ActiveCfg = Release|x64
		{6A01969C-CB27-4F7B-8867-E9FBA1ADCDC6}.Release|x64.Build.0 = Release|x64
		{3430D1D3-00F4-4532-8DC7-069B221435C3}.Debug|x64.ActiveCfg = Debug|x64
		{3430D1D3-00F4-4532-8DC7-069B221435C3}.Debug|x64.Build.0 = Debug|x64
		{3430D1D3-00F4-4532-8DC7-069B221435C3}.Release|x64.ActiveCfg = Release|x64
		{3430D1D3-00F4-4532-8DC7-069B221435C3}.Release|x64.Build.0 = Release|x64
		{47837D86-B554-4E90-A540-03AFCFEEB846}.Debug|x64.ActiveCfg = Debug|x64
		{47837D86-B554-4E90-A540-03AFCFEEB846}.Debug|x64.Build.0 = Debug|x64
		{47837D86-B554-4E90-A540-03AFCFEEB846}.Release|x64.ActiveCfg = Release|x64
		{47837D86-B554-4E90-A540-03AFCFEEB846}.Release|x64.Build.0 = Release|x64
		{582449DC-D4B1-44A9-AB3B-11E9C68FD1C4}.Debug|x64.ActiveCfg = Debug|x64
		{582449DC-D4B1-44A9-AB3B-11E9C68FD1C4}.Debug|x64.Build.0 = Debug|x64
		{582449DC-D4B1-44A9-AB3B-11E9C68FD1C4}.Release|x64.ActiveCfg = Release|x64
		{582449DC-D4B1-44A9-AB3B-11E9C68FD1C4}.Release|x64.Build.0 = Release|x64
		{3D7A34FE-917F-44B3-B857-246B42458C4A}.Debug|x64.ActiveCfg = Debug|x64
		{3D7A34FE-917F-44B3-B857-246B42458C4A}.Debug|x64.Build.0 = Debug|x64
		{3D7A34FE-917F-44B3-B857-246B42458C4A}.Release|x64.ActiveCfg = Release|x64
		{3D7A34FE-917F-44B3-B857-246B42458C4A}.Release|x64.Build.0 = Release|x64
		{A41DA9F9-09DD-432C-80F7-5D3194F5047C}.Debug|x64.ActiveCfg = Debug|x64
		{A41DA9F9-09DD-432C-80F7-5D3194F5047C}.Debug|x64.Build.0 = Debug|x64
		{A41DA9F9-09DD-432C-80F7-5D3194F5047C}.Release|x64.ActiveCfg = Release|x64
		{A41DA9F9-09DD-432C-80F7-5D3194F5047C}.Release|x64.Build.0 = Release|x64
		{399BDFD7-B9F4-4A29-BB55-060C2CB031B3}.Debug|x64.ActiveCfg = Debug|x64
		{399BDFD7-B9F4-4A29-BB55-060C2CB031B3}.Debug|x64.Build.0 = Debug|x64
		{399BDFD7-B9F4-4A29-BB55-060C2CB031B3}.Release|x64.ActiveCfg = Release|x64
		{399BDFD7-B9F4-4A29-BB55-060C2CB031B3}.Release|x64.Build.0 = Release|x64
		{9946226E-FBBE-476E-8214-CC470C7E578E}.Debug|x64.ActiveCfg = Debug|x64
		{9946226E-FBBE-476E-8214-CC470C7E578E}.Debug|x64.Build.0 = Debug|x64
		{9946226E-FBBE-476E-8214-CC470C7E578E}.Release|x64.ActiveCfg = Release|x64
		{9946226E-FBBE-476E-8214-CC470C7E578E}.Release|x64.Build.0 = Release|x64
		{0D939DC8-F5F7-412F-A0C6-6A5E17EDA4C8}.Debug|x64.ActiveCfg = Debug|x64
		{0D939DC8-F5F7-412F-A0C6-6A5E17EDA4C8}.Debug|x64.Build.0 = Debug|x64
		{0D939DC8-F5F7-412F-A0C6-6A5E17EDA4C8}.Release|x64.ActiveCfg = Release|x64
		{0D939DC8-F5F7-412F-A0C6-6A5E17EDA4C8}.Release|x64.Build.0 = Release|x64
		{C91BE169-F49D-4EF6-8A45-55DD3C9F31D0}.Debug|x64.ActiveCfg = Debug|x64
		{C91BE169-F49D-4EF6-8A45-55DD3C9F31D0}.Debug|x64.Build.0 = Debug|x64
		{C91BE169-F49D-4EF6-8A45-55DD3C9F31D0}.Release|x64.ActiveCfg = Release|x64
		{C91BE169-F49D-4EF6-8A45-55DD3C9F31D0}.Release|x64.Build.0 = Release|x64
		{F254927F-8B17-4A5C-BF93-1BB6D1A87ED2}.Debug|x64.ActiveCfg = Debug|x64
		{F254927F-8B17-4A5C-BF93-1BB6D1A87ED2}.Debug|x64.Build.0 = Debug|x64
		{F254927F-8B17-4A5C-BF93-1BB6D1A87ED2}.Release|x64.ActiveCfg = Release|x64
		{F254927F-8B17-4A5C-BF93-1BB6D1A87ED2}.Release|x64.Build.0 = Release|x64
		{DBEFA827-8D7B-4562-B7D9-D3D116621202}.Debug|x64.ActiveCfg = Debug|x64
		{DBEFA827-8D7B-4562-B7D9-D3D116621202}.Debug|x64.Build.0 = Debug|x64
		{DBEFA827-8D7B-4562-B7D9-D3D116621202}.Release|x64.ActiveCfg = Release|x64
		{DBEFA827-8D7B-4562-B7D9-D3D116621202}.Release|x64.Build.0 = Release|x64
		{E63522ED-3F1C-4324-8FCB-692BE2A5D78E}.Debug|x64.ActiveCfg = Debug|x64
		{E63522ED-3F1C-4324-8FCB-692BE2A5D78E}.Debug|x64.Build.0 = Debug|x64
		{E63522ED-3F1C-4324-8FCB-692BE2A5D78E}.Release|x64.ActiveCfg = Release|x64
		{E63522ED-3F1C-4324-8FCB-692BE2A5D78E}.Release|x64.Build.0 = Release|x64
		{9C7AE65A-825C-4B6E-B52B-EE997703DCD1}.Debug|x64.ActiveCfg = Debug|x64
		{9C7AE65A-825C-4B6E-B52B-EE997703DCD1}.Debug|x64.Build.0 = Debug|x64
		{9C7AE65A-825C-4B6E-B52B-EE997703DCD1}.Release|x64.ActiveCfg = Release|x64
		{9C7AE65A-825C-4B6E-B52B-EE997703DCD1}.Release|x64.Build.0 = Release|x64
	EndGlobalSection
	GlobalSection(SolutionProperties) = preSolution
		HideSolutionNode = FALSE
	EndGlobalSection
	GlobalSection(NestedProjects) = preSolution
		{2C8A4AB8-55AD-4E2A-BC58-6F73DF98912B} = {CFD34F94-8B32-4961-B0BD-8BA72230FFCE}
		{66FD6B5B-F5B5-4074-98D6-C38654E22DBD} = {CFD34F94-8B32-4961-B0BD-8BA72230FFCE}
		{68ECB50E-76B3-4596-8980-BEBF96F7E2F0} = {CFD34F94-8B32-4961-B0BD-8BA72230FFCE}
		{30F9F038-3FAF-4FDB-8EA7-0CBBE718DE19} = {8C79E433-5689-41DB-8175-1E5CDCDE8B10}
		{85873560-F78E-427B-B28E-24CA2E63A173} = {8C79E433-5689-41DB-8175-1E5CDCDE8B10}
		{956E6508-756B-4720-A5B0-707E10706860} = {23BB2F5D-9F2D-4699-AA49-F2F57E0DB3A2}
		{D5F5EBC3-7B6C-44B1-9599-2377AD706F72} = {23BB2F5D-9F2D-4699-AA49-F2F57E0DB3A2}
		{FC777D12-D033-405F-BB9A-5F2EDFFB1B2F} = {23BB2F5D-9F2D-4699-AA49-F2F57E0DB3A2}
		{6A01969C-CB27-4F7B-8867-E9FBA1ADCDC6} = {23BB2F5D-9F2D-4699-AA49-F2F57E0DB3A2}
		{3430D1D3-00F4-4532-8DC7-069B221435C3} = {23BB2F5D-9F2D-4699-AA49-F2F57E0DB3A2}
		{47837D86-B554-4E90-A540-03AFCFEEB846} = {23BB2F5D-9F2D-4699-AA49-F2F57E0DB3A2}
		{582449DC-D4B1-44A9-AB3B-11E9C68FD1C4} = {23BB2F5D-9F2D-4699-AA49-F2F57E0DB3A2}
		{3D7A34FE-917F-44B3-B857-246B42458C4A} = {6ECE0CC4-5B0C-476A-8B98-46C6B7E6816D}
		{A41DA9F9-09DD-432C-80F7-5D3194F5047C} = {6ECE0CC4-5B0C-476A-8B98-46C6B7E6816D}
		{399BDFD7-B9F4-4A29-BB55-060C2CB031B3} = {6ECE0CC4-5B0C-476A-8B98-46C6B7E6816D}
		{9946226E-FBBE-476E-8214-CC470C7E578E} = {6ECE0CC4-5B0C-476A-8B98-46C6B7E6816D}
		{0D939DC8-F5F7-412F-A0C6-6A5E17EDA4C8} = {6ECE0CC4-5B0C-476A-8B98-46C6B7E6816D}
		{C91BE169-F49D-4EF6-8A45-55DD3C9F31D0} = {6ECE0CC4-5B0C-476A-8B98-46C6B7E6816D}
		{F254927F-8B17-4A5C-BF93-1BB6D1A87ED2} = {EC96A595-BEDA-4045-8BA8-C7CCDB5671D4}
		{8C79E433-5689-41DB-8175-1E5CDCDE8B10} = {CFD34F94-8B32-4961-B0BD-8BA72230FFCE}
		{DBEFA827-8D7B-4562-B7D9-D3D116621202} = {6ECE0CC4-5B0C-476A-8B98-46C6B7E6816D}
		{E63522ED-3F1C-4324-8FCB-692BE2A5D78E} = {6ECE0CC4-5B0C-476A-8B98-46C6B7E6816D}
		{9C7AE65A-825C-4B6E-B52B-EE997703DCD1} = {6ECE0CC4-5B0C-476A-8B98-46C6B7E6816D}
	EndGlobalSection
	GlobalSection(ExtensibilityGlobals) = postSolution
		SolutionGuid = {B4DF49D6-B259-43EF-AC43-27CC8D6E4976}
	EndGlobalSection
EndGlobal
